
Microsoft Visual Studio Solution File, Format Version 12.00
# Visual Studio 15
VisualStudioVersion = 15.0.27130.2027
MinimumVisualStudioVersion = 10.0.40219.1
Project("{FAE04EC0-301F-11D3-BF4B-00C04F79EFBC}") = "GVNEngine", "GVNEngine\GVNEngine.csproj", "{753C3907-3345-4477-88D4-F55C97C3ABC7}"
EndProject
Project("{9A19103F-16F7-4668-BE54-9A1E7A4F7556}") = "GVNXMLData", "GVNXMLData\GVNXMLData.csproj", "{1D4A186F-6E40-44E5-9025-349AAC43B2B9}"
EndProject
Global
	GlobalSection(SolutionConfigurationPlatforms) = preSolution
		Debug|Any CPU = Debug|Any CPU
		Debug|x86 = Debug|x86
		Release|Any CPU = Release|Any CPU
		Release|x86 = Release|x86
	EndGlobalSection
	GlobalSection(ProjectConfigurationPlatforms) = postSolution
		{753C3907-3345-4477-88D4-F55C97C3ABC7}.Debug|Any CPU.ActiveCfg = Debug|x86
		{753C3907-3345-4477-88D4-F55C97C3ABC7}.Debug|x86.ActiveCfg = Debug|x86
		{753C3907-3345-4477-88D4-F55C97C3ABC7}.Debug|x86.Build.0 = Debug|x86
		{753C3907-3345-4477-88D4-F55C97C3ABC7}.Release|Any CPU.ActiveCfg = Release|x86
		{753C3907-3345-4477-88D4-F55C97C3ABC7}.Release|x86.ActiveCfg = Release|x86
		{753C3907-3345-4477-88D4-F55C97C3ABC7}.Release|x86.Build.0 = Release|x86
		{1D4A186F-6E40-44E5-9025-349AAC43B2B9}.Debug|Any CPU.ActiveCfg = Debug|Any CPU
		{1D4A186F-6E40-44E5-9025-349AAC43B2B9}.Debug|Any CPU.Build.0 = Debug|Any CPU
		{1D4A186F-6E40-44E5-9025-349AAC43B2B9}.Debug|x86.ActiveCfg = Debug|Any CPU
		{1D4A186F-6E40-44E5-9025-349AAC43B2B9}.Debug|x86.Build.0 = Debug|Any CPU
		{1D4A186F-6E40-44E5-9025-349AAC43B2B9}.Release|Any CPU.ActiveCfg = Release|Any CPU
		{1D4A186F-6E40-44E5-9025-349AAC43B2B9}.Release|Any CPU.Build.0 = Release|Any CPU
		{1D4A186F-6E40-44E5-9025-349AAC43B2B9}.Release|x86.ActiveCfg = Release|Any CPU
		{1D4A186F-6E40-44E5-9025-349AAC43B2B9}.Release|x86.Build.0 = Release|Any CPU
	EndGlobalSection
	GlobalSection(SolutionProperties) = preSolution
		HideSolutionNode = FALSE
	EndGlobalSection
	GlobalSection(ExtensibilityGlobals) = postSolution
		SolutionGuid = {2F154A52-1A0E-4F6F-88FA-92A63EE14B30}
	EndGlobalSection
EndGlobal
